{
  "version": 4,
  "terraform_version": "1.3.2",
  "serial": 463,
  "lineage": "d07acfe6-06d8-6b4b-50f6-8225ba30b6b3",
  "outputs": {},
  "resources": [
    {
      "module": "module.instance",
      "mode": "data",
      "type": "http",
      "name": "myip",
      "provider": "provider[\"registry.terraform.io/hashicorp/http\"]",
      "instances": [
        {
          "schema_version": 0,
          "attributes": {
            "body": "158.193.177.10\n",
            "id": "http://ipv4.icanhazip.com",
            "method": null,
            "request_body": null,
            "request_headers": null,
            "response_body": "158.193.177.10\n",
            "response_headers": {
              "Access-Control-Allow-Methods": "GET",
              "Access-Control-Allow-Origin": "*",
              "Alt-Svc": "h3=\":443\"; ma=86400, h3-29=\":443\"; ma=86400",
              "Cf-Ray": "7589f3643ce0cba0-VIE",
              "Connection": "keep-alive",
              "Content-Length": "15",
              "Content-Type": "text/plain",
              "Date": "Tue, 11 Oct 2022 19:20:01 GMT",
              "Server": "cloudflare",
              "Set-Cookie": "__cf_bm=T7vIz6tpXyAv_xentEFCea133Grymje80ZdAYdmwzIk-1665516001-0-AS4mhQHNnp7L+x8NMsbjA8PbSlL/Eu7bIjV63jBLyYx0cSIFkiGro/5PCjTsBTah23jFrdIIMPiEIgY4dLfj9FM=; path=/; expires=Tue, 11-Oct-22 19:50:01 GMT; domain=.icanhazip.com; HttpOnly; SameSite=None",
              "Vary": "Accept-Encoding"
            },
            "status_code": 200,
            "url": "http://ipv4.icanhazip.com"
          },
          "sensitive_attributes": []
        }
      ]
    },
    {
      "module": "module.instance",
      "mode": "managed",
      "type": "local_file",
      "name": "private_key",
      "provider": "provider[\"registry.terraform.io/hashicorp/local\"]",
      "instances": [
        {
          "schema_version": 0,
          "attributes": {
            "content": "-----BEGIN RSA PRIVATE KEY-----\nMIIEogIBAAKCAQEA7LFvV/Pg/TXp8OgpPK9V4t4CJxu6aDyFrciOjS0lpbNo0PaQ\nLBKnmKnwgjF9ljMHEyFTD6vMRGwyq1l9IzfXmhhuFyX7GZJHkPleaOUHTJST2X5W\ni+RfYerB/vwCsQkcdZnP0aQ0iFKfGwx1M+jxVWjLkepUB4YMOcbYU4l4Q4Vjqc59\n5Z0xLQI0QA/YujSYUWkoQ9HSkpXmRtVeZ2kcWbiqQNNDDLVfyw3pkoRwuFQiUBTu\nvsI/LNtYbrL3DhiTaq8Oh3ZpYHxLXo6nsh+bog/NYyb/Dt8mWiRI2Ds5j+K7eFqj\nhr3u8e/XhgdkYjIdX4HDJln5iKRFqapgcWEQAQIDAQABAoIBABYSCX7bB8y0nUbQ\nbx/wfYK1DuBUrpIPqqtkux4g6pTD4O8zPohNiQEsP3f0Y3CA+5TmE5evflGXATaH\nFqsVBu6gfot8CCj/Qdsb1ZjUWlTiudKa/Dj5J4e62zIKj7mwTs4MdJtow1k+0wUz\nqS4Y93/uUKUfg4xcDIHKr9tCQ0uQU6049yVUm3EEoLdaX3trKgHwBGNsQEXU7x0Z\nQPYZlTNkbwB/WPLZMDnFn85BXhvJ5e7WJRwWLDZHibU/g8nDF2TG1ZBu//03784k\n466IbyON+EqEz7JpeW87N9myt9o5v8UIKffWoqeZYk8s/OnhdzK+HC6L0EJPBEhA\nAB49FT0CgYEA+EeLdJiCB6TJZt7pSAqJXMROTysAK8fvkmDYzxDeLfQBa30f5hAs\nwkRRfLqVO52nsUPNz/XsbYYvjOeCss3hbEiAgA4AXWnVuLGss9pl8BKzdNczpW0U\nx3RwrOz66xiN7DpUmJBLAlIsdDAbzGolAucCzJUp2zAtKWgpRzeGMQcCgYEA9A2n\n2qnSnYu85dhUJnUpOZP5XOle7ElSS5o7JMA2bFMhl3O2/TbB4M5Vzuq8i4/i3ttt\nydxC2bebFK4N/2lGOjMjcONBfzLEsStIV9IF7T8iNOsVEFqmujEJkT118llFDvf7\nx4RaRXdrgM3NQqQgVBAhgYlFSDCy0rmN0XSe3LcCgYBDNLqfGRk5kHWkDvr+sTt1\njP3VmEI3l6tV6DlH87zwm3g27GvSDtbOz0dvh+IVfRuDdGMlw9/31bbRYWmTlP9M\nHGQMRb37i0Z69D1XgerODYHeQtKMGPbi9rX5WTyinsbsBu4XThe/zRaTbOJZdvIF\n0xqC3m2yE1xmNPfXe0QryQKBgCh8e3QS6BWqsNOQZ6VZmlUq7xsyu8SHBVf1Zgpa\nuKyPveraD2lCRDd/A00oM88TN5ew3y21lIF5rAhqN3g/hp7xDNgVWzA2w9qAS6gF\n92W8K3iL5xqnbzFEIUou3/osRQCOsv4OPst3XCYp/fsoLxTC+Ev88blgGspKbfRp\nXFFRAoGAHDNcXdm1QxUTKtWp3uU69/5s6F9T5EJ8zYATwd50PKlAcLEZWdqK1oFJ\nKzOA0EaMPpmbYPfNZiXyOMQwZgRz7Ia6Lt7Xg80DFnd2zaADc7q90WCAxn+NXMW/\nM/2DHzVtugmQk6UbMNps5EzgyhMjzNKW43XDKraQn4dXh2Zxp8c=\n-----END RSA PRIVATE KEY-----\n",
            "content_base64": null,
            "directory_permission": "0777",
            "file_permission": "0777",
            "filename": "compute/terrakey.pem",
            "id": "075ae052327551c61604e6f463e2f24dd5c27625",
            "sensitive_content": null,
            "source": null
          },
          "sensitive_attributes": [],
          "private": "bnVsbA==",
          "dependencies": [
            "module.instance.openstack_compute_keypair_v2.keypair"
          ]
        }
      ]
    },
    {
      "module": "module.instance",
      "mode": "managed",
      "type": "openstack_compute_instance_v2",
      "name": "instance",
      "provider": "provider[\"registry.terraform.io/terraform-provider-openstack/openstack\"]",
      "instances": [
        {
          "index_key": 0,
          "schema_version": 0,
          "attributes": {
            "access_ip_v4": "158.193.153.180",
            "access_ip_v6": "[2001:4118:300:124::1:3fd]",
            "admin_pass": null,
            "all_metadata": {},
            "all_tags": [],
            "availability_zone": "compute1",
            "availability_zone_hints": null,
            "block_device": [],
            "config_drive": null,
            "flavor_id": "1eee6fc3-f274-4406-a054-1969ac79926f",
            "flavor_name": "CAS_normal",
            "floating_ip": null,
            "force_delete": false,
            "id": "30ea3621-3b09-4a22-888f-d90ec2da3216",
            "image_id": "0fc1152a-4037-4d89-a22a-60f477e2eba0",
            "image_name": "ubuntu_server_20.04_Openstack",
            "key_pair": "terrakey",
            "metadata": null,
            "name": "terrabuntu-foxhound",
            "network": [
              {
                "access_network": false,
                "fixed_ip_v4": "158.193.153.180",
                "fixed_ip_v6": "[2001:4118:300:124::1:3fd]",
                "floating_ip": "",
                "mac": "fa:16:3e:56:10:18",
                "name": "ext-net",
                "port": "",
                "uuid": "1879d9ce-dd1f-4d9b-a9b0-d4fe208dc88a"
              }
            ],
            "network_mode": null,
            "personality": [],
            "power_state": "active",
            "region": "RegionOne",
            "scheduler_hints": [],
            "security_groups": [
              "4f0e4f97-6e4c-49cc-a8fd-2212c1b2eff7"
            ],
            "stop_before_destroy": false,
            "tags": null,
            "timeouts": null,
            "user_data": "e783da7a15e28e7c79132bc77c8e1bd947373518",
            "vendor_options": [],
            "volume": []
          },
          "sensitive_attributes": [],
          "private": "eyJlMmJmYjczMC1lY2FhLTExZTYtOGY4OC0zNDM2M2JjN2M0YzAiOnsiY3JlYXRlIjoxODAwMDAwMDAwMDAwLCJkZWxldGUiOjE4MDAwMDAwMDAwMDAsInVwZGF0ZSI6MTgwMDAwMDAwMDAwMH19",
          "dependencies": [
            "module.instance.openstack_compute_keypair_v2.keypair",
            "module.instance.openstack_networking_secgroup_v2.secgroup_terrabuntu",
            "module.instance.random_pet.terrabuntu"
          ]
        }
      ]
    },
    {
      "module": "module.instance",
      "mode": "managed",
      "type": "openstack_compute_keypair_v2",
      "name": "keypair",
      "provider": "provider[\"registry.terraform.io/terraform-provider-openstack/openstack\"]",
      "instances": [
        {
          "schema_version": 0,
          "attributes": {
            "fingerprint": "57:cc:33:01:e2:73:57:a4:a4:4e:98:e6:e4:79:a2:1d",
            "id": "terrakey",
            "name": "terrakey",
            "private_key": "-----BEGIN RSA PRIVATE KEY-----\nMIIEogIBAAKCAQEA7LFvV/Pg/TXp8OgpPK9V4t4CJxu6aDyFrciOjS0lpbNo0PaQ\nLBKnmKnwgjF9ljMHEyFTD6vMRGwyq1l9IzfXmhhuFyX7GZJHkPleaOUHTJST2X5W\ni+RfYerB/vwCsQkcdZnP0aQ0iFKfGwx1M+jxVWjLkepUB4YMOcbYU4l4Q4Vjqc59\n5Z0xLQI0QA/YujSYUWkoQ9HSkpXmRtVeZ2kcWbiqQNNDDLVfyw3pkoRwuFQiUBTu\nvsI/LNtYbrL3DhiTaq8Oh3ZpYHxLXo6nsh+bog/NYyb/Dt8mWiRI2Ds5j+K7eFqj\nhr3u8e/XhgdkYjIdX4HDJln5iKRFqapgcWEQAQIDAQABAoIBABYSCX7bB8y0nUbQ\nbx/wfYK1DuBUrpIPqqtkux4g6pTD4O8zPohNiQEsP3f0Y3CA+5TmE5evflGXATaH\nFqsVBu6gfot8CCj/Qdsb1ZjUWlTiudKa/Dj5J4e62zIKj7mwTs4MdJtow1k+0wUz\nqS4Y93/uUKUfg4xcDIHKr9tCQ0uQU6049yVUm3EEoLdaX3trKgHwBGNsQEXU7x0Z\nQPYZlTNkbwB/WPLZMDnFn85BXhvJ5e7WJRwWLDZHibU/g8nDF2TG1ZBu//03784k\n466IbyON+EqEz7JpeW87N9myt9o5v8UIKffWoqeZYk8s/OnhdzK+HC6L0EJPBEhA\nAB49FT0CgYEA+EeLdJiCB6TJZt7pSAqJXMROTysAK8fvkmDYzxDeLfQBa30f5hAs\nwkRRfLqVO52nsUPNz/XsbYYvjOeCss3hbEiAgA4AXWnVuLGss9pl8BKzdNczpW0U\nx3RwrOz66xiN7DpUmJBLAlIsdDAbzGolAucCzJUp2zAtKWgpRzeGMQcCgYEA9A2n\n2qnSnYu85dhUJnUpOZP5XOle7ElSS5o7JMA2bFMhl3O2/TbB4M5Vzuq8i4/i3ttt\nydxC2bebFK4N/2lGOjMjcONBfzLEsStIV9IF7T8iNOsVEFqmujEJkT118llFDvf7\nx4RaRXdrgM3NQqQgVBAhgYlFSDCy0rmN0XSe3LcCgYBDNLqfGRk5kHWkDvr+sTt1\njP3VmEI3l6tV6DlH87zwm3g27GvSDtbOz0dvh+IVfRuDdGMlw9/31bbRYWmTlP9M\nHGQMRb37i0Z69D1XgerODYHeQtKMGPbi9rX5WTyinsbsBu4XThe/zRaTbOJZdvIF\n0xqC3m2yE1xmNPfXe0QryQKBgCh8e3QS6BWqsNOQZ6VZmlUq7xsyu8SHBVf1Zgpa\nuKyPveraD2lCRDd/A00oM88TN5ew3y21lIF5rAhqN3g/hp7xDNgVWzA2w9qAS6gF\n92W8K3iL5xqnbzFEIUou3/osRQCOsv4OPst3XCYp/fsoLxTC+Ev88blgGspKbfRp\nXFFRAoGAHDNcXdm1QxUTKtWp3uU69/5s6F9T5EJ8zYATwd50PKlAcLEZWdqK1oFJ\nKzOA0EaMPpmbYPfNZiXyOMQwZgRz7Ia6Lt7Xg80DFnd2zaADc7q90WCAxn+NXMW/\nM/2DHzVtugmQk6UbMNps5EzgyhMjzNKW43XDKraQn4dXh2Zxp8c=\n-----END RSA PRIVATE KEY-----\n",
            "public_key": "ssh-rsa AAAAB3NzaC1yc2EAAAADAQABAAABAQDssW9X8+D9Nenw6Ck8r1Xi3gInG7poPIWtyI6NLSWls2jQ9pAsEqeYqfCCMX2WMwcTIVMPq8xEbDKrWX0jN9eaGG4XJfsZkkeQ+V5o5QdMlJPZflaL5F9h6sH+/AKxCRx1mc/RpDSIUp8bDHUz6PFVaMuR6lQHhgw5xthTiXhDhWOpzn3lnTEtAjRAD9i6NJhRaShD0dKSleZG1V5naRxZuKpA00MMtV/LDemShHC4VCJQFO6+wj8s21husvcOGJNqrw6HdmlgfEtejqeyH5uiD81jJv8O3yZaJEjYOzmP4rt4WqOGve7x79eGB2RiMh1fgcMmWfmIpEWpqmBxYRAB Generated-by-Nova",
            "region": "RegionOne",
            "user_id": "",
            "value_specs": null
          },
          "sensitive_attributes": [],
          "private": "bnVsbA=="
        }
      ]
    },
    {
      "module": "module.instance",
      "mode": "managed",
      "type": "openstack_networking_secgroup_rule_v2",
      "name": "allow_myip_icmp",
      "provider": "provider[\"registry.terraform.io/terraform-provider-openstack/openstack\"]",
      "instances": [
        {
          "schema_version": 0,
          "attributes": {
            "description": "allow ping from myip",
            "direction": "ingress",
            "ethertype": "IPv4",
            "id": "bdb7162a-303b-4cc8-baf7-309f9f654d5d",
            "port_range_max": 0,
            "port_range_min": 0,
            "protocol": "icmp",
            "region": "RegionOne",
            "remote_group_id": "",
            "remote_ip_prefix": "158.193.177.10/32",
            "security_group_id": "4f0e4f97-6e4c-49cc-a8fd-2212c1b2eff7",
            "tenant_id": "86c3984a8c7a48bc8caa5aa4a8ec3da1",
            "timeouts": null
          },
          "sensitive_attributes": [],
          "private": "eyJlMmJmYjczMC1lY2FhLTExZTYtOGY4OC0zNDM2M2JjN2M0YzAiOnsiZGVsZXRlIjo2MDAwMDAwMDAwMDB9fQ==",
          "dependencies": [
            "module.instance.data.http.myip",
            "module.instance.openstack_networking_secgroup_v2.secgroup_terrabuntu"
          ]
        }
      ]
    },
    {
      "module": "module.instance",
      "mode": "managed",
      "type": "openstack_networking_secgroup_rule_v2",
      "name": "allow_myip_ssh",
      "provider": "provider[\"registry.terraform.io/terraform-provider-openstack/openstack\"]",
      "instances": [
        {
          "schema_version": 0,
          "attributes": {
            "description": "allow SSH from myip",
            "direction": "ingress",
            "ethertype": "IPv4",
            "id": "dd6c0f0f-602b-4846-b35a-5f1421f92f2e",
            "port_range_max": 22,
            "port_range_min": 22,
            "protocol": "tcp",
            "region": "RegionOne",
            "remote_group_id": "",
            "remote_ip_prefix": "158.193.177.10/32",
            "security_group_id": "4f0e4f97-6e4c-49cc-a8fd-2212c1b2eff7",
            "tenant_id": "86c3984a8c7a48bc8caa5aa4a8ec3da1",
            "timeouts": null
          },
          "sensitive_attributes": [],
          "private": "eyJlMmJmYjczMC1lY2FhLTExZTYtOGY4OC0zNDM2M2JjN2M0YzAiOnsiZGVsZXRlIjo2MDAwMDAwMDAwMDB9fQ==",
          "dependencies": [
            "module.instance.data.http.myip",
            "module.instance.openstack_networking_secgroup_v2.secgroup_terrabuntu"
          ]
        }
      ]
    },
    {
      "module": "module.instance",
      "mode": "managed",
      "type": "openstack_networking_secgroup_rule_v2",
      "name": "allow_public_http",
      "provider": "provider[\"registry.terraform.io/terraform-provider-openstack/openstack\"]",
      "instances": [
        {
          "schema_version": 0,
          "attributes": {
            "description": "allow public http on 80",
            "direction": "ingress",
            "ethertype": "IPv4",
            "id": "3b8c6b1a-b36b-416d-814f-3ce74cf5d617",
            "port_range_max": 0,
            "port_range_min": 0,
            "protocol": "icmp",
            "region": "RegionOne",
            "remote_group_id": "",
            "remote_ip_prefix": "0.0.0.0/0",
            "security_group_id": "4f0e4f97-6e4c-49cc-a8fd-2212c1b2eff7",
            "tenant_id": "86c3984a8c7a48bc8caa5aa4a8ec3da1",
            "timeouts": null
          },
          "sensitive_attributes": [],
          "private": "eyJlMmJmYjczMC1lY2FhLTExZTYtOGY4OC0zNDM2M2JjN2M0YzAiOnsiZGVsZXRlIjo2MDAwMDAwMDAwMDB9fQ==",
          "dependencies": [
            "module.instance.openstack_networking_secgroup_v2.secgroup_terrabuntu"
          ]
        }
      ]
    },
    {
      "module": "module.instance",
      "mode": "managed",
      "type": "openstack_networking_secgroup_v2",
      "name": "secgroup_terrabuntu",
      "provider": "provider[\"registry.terraform.io/terraform-provider-openstack/openstack\"]",
      "instances": [
        {
          "schema_version": 0,
          "attributes": {
            "all_tags": [],
            "delete_default_rules": null,
            "description": "My neutron security group",
            "id": "4f0e4f97-6e4c-49cc-a8fd-2212c1b2eff7",
            "name": "secgroup_terrabuntu",
            "region": "RegionOne",
            "tags": [],
            "tenant_id": "86c3984a8c7a48bc8caa5aa4a8ec3da1",
            "timeouts": null
          },
          "sensitive_attributes": [],
          "private": "eyJlMmJmYjczMC1lY2FhLTExZTYtOGY4OC0zNDM2M2JjN2M0YzAiOnsiZGVsZXRlIjo2MDAwMDAwMDAwMDB9fQ=="
        }
      ]
    },
    {
      "module": "module.instance",
      "mode": "managed",
      "type": "random_pet",
      "name": "terrabuntu",
      "provider": "provider[\"registry.terraform.io/hashicorp/random\"]",
      "instances": [
        {
          "index_key": 0,
          "schema_version": 0,
          "attributes": {
            "id": "foxhound",
            "keepers": null,
            "length": 1,
            "prefix": null,
            "separator": "-"
          },
          "sensitive_attributes": []
        }
      ]
    },
    {
      "module": "module.network",
      "mode": "data",
      "type": "http",
      "name": "myip",
      "provider": "provider[\"registry.terraform.io/hashicorp/http\"]",
      "instances": [
        {
          "schema_version": 0,
          "attributes": {
            "body": "158.193.177.10\n",
            "id": "http://ipv4.icanhazip.com",
            "method": null,
            "request_body": null,
            "request_headers": null,
            "response_body": "158.193.177.10\n",
            "response_headers": {
              "Access-Control-Allow-Methods": "GET",
              "Access-Control-Allow-Origin": "*",
              "Alt-Svc": "h3=\":443\"; ma=86400, h3-29=\":443\"; ma=86400",
              "Cf-Ray": "7589f3643dbcc2b1-VIE",
              "Connection": "keep-alive",
              "Content-Length": "15",
              "Content-Type": "text/plain",
              "Date": "Tue, 11 Oct 2022 19:20:01 GMT",
              "Server": "cloudflare",
              "Set-Cookie": "__cf_bm=7hW4.niK1dbQiLjST09N9qpDFUyHN.gbqIv3JisNEHw-1665516001-0-AX9pcvUS4kxJR0FcYNutXzu3Zk1MH3P7oDLxiam/kdOASAP7JYOD/Hym//i8hUYr+qbeXzuw6rsLKhDdAfIOCRw=; path=/; expires=Tue, 11-Oct-22 19:50:01 GMT; domain=.icanhazip.com; HttpOnly; SameSite=None",
              "Vary": "Accept-Encoding"
            },
            "status_code": 200,
            "url": "http://ipv4.icanhazip.com"
          },
          "sensitive_attributes": []
        }
      ]
    },
    {
      "module": "module.network",
      "mode": "managed",
      "type": "openstack_networking_network_v2",
      "name": "tf_vbridge",
      "provider": "provider[\"registry.terraform.io/terraform-provider-openstack/openstack\"]",
      "instances": [
        {
          "schema_version": 0,
          "attributes": {
            "admin_state_up": true,
            "all_tags": [],
            "availability_zone_hints": [],
            "description": "",
            "dns_domain": "",
            "external": false,
            "id": "a31c0a67-3d21-4797-9e37-12e20503a501",
            "mtu": 1450,
            "name": "tf_test_network",
            "port_security_enabled": true,
            "qos_policy_id": "",
            "region": "RegionOne",
            "segments": [],
            "shared": false,
            "tags": [],
            "tenant_id": "86c3984a8c7a48bc8caa5aa4a8ec3da1",
            "timeouts": null,
            "transparent_vlan": false,
            "value_specs": null
          },
          "sensitive_attributes": [],
          "private": "eyJlMmJmYjczMC1lY2FhLTExZTYtOGY4OC0zNDM2M2JjN2M0YzAiOnsiY3JlYXRlIjo2MDAwMDAwMDAwMDAsImRlbGV0ZSI6NjAwMDAwMDAwMDAwfX0="
        }
      ]
    },
    {
      "module": "module.network",
      "mode": "managed",
      "type": "openstack_networking_subnet_v2",
      "name": "subnet_1",
      "provider": "provider[\"registry.terraform.io/terraform-provider-openstack/openstack\"]",
      "instances": [
        {
          "schema_version": 0,
          "attributes": {
            "all_tags": [],
            "allocation_pool": [
              {
                "end": "192.168.200.254",
                "start": "192.168.200.2"
              }
            ],
            "allocation_pools": [
              {
                "end": "192.168.200.254",
                "start": "192.168.200.2"
              }
            ],
            "cidr": "192.168.200.0/24",
            "description": "",
            "dns_nameservers": [],
            "enable_dhcp": true,
            "gateway_ip": "192.168.200.1",
            "host_routes": [],
            "id": "aa667591-71a2-41f2-8ead-8dab29736862",
            "ip_version": 4,
            "ipv6_address_mode": "",
            "ipv6_ra_mode": "",
            "name": "",
            "network_id": "a31c0a67-3d21-4797-9e37-12e20503a501",
            "no_gateway": false,
            "prefix_length": null,
            "region": "RegionOne",
            "subnetpool_id": "",
            "tags": [],
            "tenant_id": "86c3984a8c7a48bc8caa5aa4a8ec3da1",
            "timeouts": null,
            "value_specs": null
          },
          "sensitive_attributes": [],
          "private": "eyJlMmJmYjczMC1lY2FhLTExZTYtOGY4OC0zNDM2M2JjN2M0YzAiOnsiY3JlYXRlIjo2MDAwMDAwMDAwMDAsImRlbGV0ZSI6NjAwMDAwMDAwMDAwfX0=",
          "dependencies": [
            "module.network.openstack_networking_network_v2.tf_vbridge"
          ]
        }
      ]
    }
  ],
  "check_results": []
}
