{
  "version": 4,
  "terraform_version": "1.3.2",
  "serial": 182,
  "lineage": "d07acfe6-06d8-6b4b-50f6-8225ba30b6b3",
  "outputs": {},
  "resources": [
    {
      "module": "module.instance",
      "mode": "managed",
      "type": "local_file",
      "name": "private_key",
      "provider": "provider[\"registry.terraform.io/hashicorp/local\"]",
      "instances": [
        {
          "schema_version": 0,
          "attributes": {
            "content": "-----BEGIN RSA PRIVATE KEY-----\nMIIEpAIBAAKCAQEAsC+FNGIomIyZ3F5EuDQP7i6lj9+o1KeV+q8CGLPoUynq6IVY\nmnMx/+kbc2in4TMEEGd3mg2pyqeRjkoRVuRsmEzpbFJLnEMzptLvddk8gEQOs25e\n44+ujQ2SHK1dYtNozGquHv6Kay8E0ikydc/CNnXd4/ImulOdeKsT9MyKe29unPzX\n27FDMJHKT253NXFZXasxhQx8W8gCcYiROiFUM2pC5EGmz1qLAMUm7wCX4bD/uoZv\nLB11OQstc+1t0VfmtE884M7Zg6NXpos99OMH9MDAUuRYg2gyfUPY4ZFNM8SJFIxI\nROghZgMqJAmEokSbTGZLlm+ejr8MhUJafn0zMwIDAQABAoIBAQCtXDTv1F4prL+A\njOmFbwT10sRqCyNvC++RmT6w2+WQX0Cbxwnl/8+FBfRS3PnDp5UqJwUSertFgxjA\nL7VcEKuiOJu+UEPB4IYkco3ZIgZcF5t3hvSraafRdzb8LMIlCeymp5npOYEt8jgG\nKy9RqTpqqBPLxWvCD6B1KbEbQWBKDzpyMCl+N8tDJnG/vxGDtopSDjHhVYOJIMSP\nbQ1Lw1UIk6vU/FRBZ7R3UotmLfmMcNqlS2fyBdn7S3b5FT4uGh6fx+4afUtnm7JA\nH7f2+HEbKn9Ydv+7m5QWhzIcxnCtDk+IysAWlDiu1UPn9Pi1hBdZ3n+PAhyk6S65\nzc+IxWcRAoGBAOR4QKo5QZH9gCJoirWydBlV3qUUUYBw96kiUHA30j0GaDStlxS6\nqzTRFBJlIwxLi0w0AhKVFZ8NCe5MudGqahJJzjjCO7X9yPVD8Ms7ZzoxTl7NDQEF\ny9f9LM6jOjg7QMgt8M4lyYws85IKL2pbyzfS9onCx4d03SN/Z6z+dmKFAoGBAMVq\nbWrpY2thw3hRiFdOmlREM8frJ7kL5b1bYGFhhPli6nUDpyzqAlbA/gdtXUW9P6z5\nf+sgOLy8iJgFJbfpcVcWkCxnYl+da/OUTlZ24jvPMvr4QEGbPpY255TzSK50i3wE\n+8g+NcspPL6MUrxk7X7Tqfs1gcI6wOgEv5sgFFhXAoGBAI5FoCcgjoeF8AP9S9uH\n7CpWwdXUyEgOkPr/Bk5LRJ2B3uRm8P0UnUa/qBsoZeHjLTRf8qZ1tkgcS4Hcv54j\n2/fVhBjuQ1a6Wij5jPpR3J9tUttQH3fyjxTKcNug48FejKHbkegduduTpn3b39kA\nnpT9x07UP4JHsOnJDdu5fiktAoGAUsV6tva//ofxAwN8XM7SGj62Tz4jW4zHeItV\nb78Jl96HWyR69XPwIxur5sVN9C2TAx1hKt5Jq6iIxORzmhbAtLj7HgMC1gAVAP3P\nkqUp2dXYFC3+EwPaS/UdR/BxKuQmj4svXhfnShUyKNqA3gibIy/v9ynKC/vCYgWL\nqKjcnuUCgYARRkc5djH8z0hGYjDu6MEgWYaR1ai5UmBF2Hd9KCob66/CAYbbdVkG\n5StiiPqwlqM6I6n0rQlCwDxKhSmeQ5vopveW30Psone8B096OvXAGDBiAUsBisUq\nqVqNocwE8tWvHzLLjLcPPNrhDQLI8c39MEzZ57POQtNqWkXEL++WqA==\n-----END RSA PRIVATE KEY-----\n",
            "content_base64": null,
            "directory_permission": "0777",
            "file_permission": "0777",
            "filename": "compute/terrakey.pem",
            "id": "68cf0f2ff132d715d12525657710944122c86707",
            "sensitive_content": null,
            "source": null
          },
          "sensitive_attributes": [],
          "private": "bnVsbA==",
          "dependencies": [
            "module.instance.openstack_compute_keypair_v2.keypair"
          ]
        }
      ]
    },
    {
      "module": "module.instance",
      "mode": "managed",
      "type": "openstack_compute_instance_v2",
      "name": "instance",
      "provider": "provider[\"registry.terraform.io/terraform-provider-openstack/openstack\"]",
      "instances": [
        {
          "index_key": 0,
          "schema_version": 0,
          "attributes": {
            "access_ip_v4": "158.193.153.155",
            "access_ip_v6": "[2001:4118:300:124::1:103]",
            "admin_pass": null,
            "all_metadata": {},
            "all_tags": [],
            "availability_zone": "compute1",
            "availability_zone_hints": null,
            "block_device": [],
            "config_drive": null,
            "flavor_id": "1eee6fc3-f274-4406-a054-1969ac79926f",
            "flavor_name": "CAS_normal",
            "floating_ip": null,
            "force_delete": false,
            "id": "40263873-e162-45c9-b090-29715c39085d",
            "image_id": "0fc1152a-4037-4d89-a22a-60f477e2eba0",
            "image_name": "ubuntu_server_20.04_Openstack",
            "key_pair": "key-stud-15",
            "metadata": null,
            "name": "terrabuntu-heron",
            "network": [
              {
                "access_network": false,
                "fixed_ip_v4": "158.193.153.155",
                "fixed_ip_v6": "[2001:4118:300:124::1:103]",
                "floating_ip": "",
                "mac": "fa:16:3e:50:f8:bd",
                "name": "ext-net",
                "port": "",
                "uuid": "1879d9ce-dd1f-4d9b-a9b0-d4fe208dc88a"
              }
            ],
            "network_mode": null,
            "personality": [],
            "power_state": "active",
            "region": "RegionOne",
            "scheduler_hints": [],
            "security_groups": [
              "4a849c55-0cc6-4212-a441-8b1fec133721"
            ],
            "stop_before_destroy": false,
            "tags": null,
            "timeouts": null,
            "user_data": "1fd2122463aaa75af8e7b46056f2aed517ed689f",
            "vendor_options": [],
            "volume": []
          },
          "sensitive_attributes": [],
          "private": "eyJlMmJmYjczMC1lY2FhLTExZTYtOGY4OC0zNDM2M2JjN2M0YzAiOnsiY3JlYXRlIjoxODAwMDAwMDAwMDAwLCJkZWxldGUiOjE4MDAwMDAwMDAwMDAsInVwZGF0ZSI6MTgwMDAwMDAwMDAwMH19",
          "dependencies": [
            "module.instance.openstack_networking_secgroup_v2.secgroup_terrabuntu",
            "module.instance.random_pet.terrabuntu"
          ]
        },
        {
          "index_key": 1,
          "schema_version": 0,
          "attributes": {
            "access_ip_v4": "158.193.153.180",
            "access_ip_v6": "[2001:4118:300:124::1:12]",
            "admin_pass": null,
            "all_metadata": {},
            "all_tags": [],
            "availability_zone": "compute1",
            "availability_zone_hints": null,
            "block_device": [],
            "config_drive": null,
            "flavor_id": "1eee6fc3-f274-4406-a054-1969ac79926f",
            "flavor_name": "CAS_normal",
            "floating_ip": null,
            "force_delete": false,
            "id": "0cdfccae-3561-4fca-bb09-bc20f97d2c4e",
            "image_id": "0fc1152a-4037-4d89-a22a-60f477e2eba0",
            "image_name": "ubuntu_server_20.04_Openstack",
            "key_pair": "key-stud-15",
            "metadata": null,
            "name": "terrabuntu-tahr",
            "network": [
              {
                "access_network": false,
                "fixed_ip_v4": "158.193.153.180",
                "fixed_ip_v6": "[2001:4118:300:124::1:12]",
                "floating_ip": "",
                "mac": "fa:16:3e:a3:0c:83",
                "name": "ext-net",
                "port": "",
                "uuid": "1879d9ce-dd1f-4d9b-a9b0-d4fe208dc88a"
              }
            ],
            "network_mode": null,
            "personality": [],
            "power_state": "active",
            "region": "RegionOne",
            "scheduler_hints": [],
            "security_groups": [
              "4a849c55-0cc6-4212-a441-8b1fec133721"
            ],
            "stop_before_destroy": false,
            "tags": null,
            "timeouts": null,
            "user_data": "1fd2122463aaa75af8e7b46056f2aed517ed689f",
            "vendor_options": [],
            "volume": []
          },
          "sensitive_attributes": [],
          "private": "eyJlMmJmYjczMC1lY2FhLTExZTYtOGY4OC0zNDM2M2JjN2M0YzAiOnsiY3JlYXRlIjoxODAwMDAwMDAwMDAwLCJkZWxldGUiOjE4MDAwMDAwMDAwMDAsInVwZGF0ZSI6MTgwMDAwMDAwMDAwMH19",
          "dependencies": [
            "module.instance.openstack_networking_secgroup_v2.secgroup_terrabuntu",
            "module.instance.random_pet.terrabuntu"
          ]
        }
      ]
    },
    {
      "module": "module.instance",
      "mode": "managed",
      "type": "openstack_compute_keypair_v2",
      "name": "keypair",
      "provider": "provider[\"registry.terraform.io/terraform-provider-openstack/openstack\"]",
      "instances": [
        {
          "schema_version": 0,
          "attributes": {
            "fingerprint": "59:4c:a2:61:24:e1:f0:0e:26:18:ab:15:20:65:8c:ea",
            "id": "terrakey",
            "name": "terrakey",
            "private_key": "-----BEGIN RSA PRIVATE KEY-----\nMIIEpAIBAAKCAQEAsC+FNGIomIyZ3F5EuDQP7i6lj9+o1KeV+q8CGLPoUynq6IVY\nmnMx/+kbc2in4TMEEGd3mg2pyqeRjkoRVuRsmEzpbFJLnEMzptLvddk8gEQOs25e\n44+ujQ2SHK1dYtNozGquHv6Kay8E0ikydc/CNnXd4/ImulOdeKsT9MyKe29unPzX\n27FDMJHKT253NXFZXasxhQx8W8gCcYiROiFUM2pC5EGmz1qLAMUm7wCX4bD/uoZv\nLB11OQstc+1t0VfmtE884M7Zg6NXpos99OMH9MDAUuRYg2gyfUPY4ZFNM8SJFIxI\nROghZgMqJAmEokSbTGZLlm+ejr8MhUJafn0zMwIDAQABAoIBAQCtXDTv1F4prL+A\njOmFbwT10sRqCyNvC++RmT6w2+WQX0Cbxwnl/8+FBfRS3PnDp5UqJwUSertFgxjA\nL7VcEKuiOJu+UEPB4IYkco3ZIgZcF5t3hvSraafRdzb8LMIlCeymp5npOYEt8jgG\nKy9RqTpqqBPLxWvCD6B1KbEbQWBKDzpyMCl+N8tDJnG/vxGDtopSDjHhVYOJIMSP\nbQ1Lw1UIk6vU/FRBZ7R3UotmLfmMcNqlS2fyBdn7S3b5FT4uGh6fx+4afUtnm7JA\nH7f2+HEbKn9Ydv+7m5QWhzIcxnCtDk+IysAWlDiu1UPn9Pi1hBdZ3n+PAhyk6S65\nzc+IxWcRAoGBAOR4QKo5QZH9gCJoirWydBlV3qUUUYBw96kiUHA30j0GaDStlxS6\nqzTRFBJlIwxLi0w0AhKVFZ8NCe5MudGqahJJzjjCO7X9yPVD8Ms7ZzoxTl7NDQEF\ny9f9LM6jOjg7QMgt8M4lyYws85IKL2pbyzfS9onCx4d03SN/Z6z+dmKFAoGBAMVq\nbWrpY2thw3hRiFdOmlREM8frJ7kL5b1bYGFhhPli6nUDpyzqAlbA/gdtXUW9P6z5\nf+sgOLy8iJgFJbfpcVcWkCxnYl+da/OUTlZ24jvPMvr4QEGbPpY255TzSK50i3wE\n+8g+NcspPL6MUrxk7X7Tqfs1gcI6wOgEv5sgFFhXAoGBAI5FoCcgjoeF8AP9S9uH\n7CpWwdXUyEgOkPr/Bk5LRJ2B3uRm8P0UnUa/qBsoZeHjLTRf8qZ1tkgcS4Hcv54j\n2/fVhBjuQ1a6Wij5jPpR3J9tUttQH3fyjxTKcNug48FejKHbkegduduTpn3b39kA\nnpT9x07UP4JHsOnJDdu5fiktAoGAUsV6tva//ofxAwN8XM7SGj62Tz4jW4zHeItV\nb78Jl96HWyR69XPwIxur5sVN9C2TAx1hKt5Jq6iIxORzmhbAtLj7HgMC1gAVAP3P\nkqUp2dXYFC3+EwPaS/UdR/BxKuQmj4svXhfnShUyKNqA3gibIy/v9ynKC/vCYgWL\nqKjcnuUCgYARRkc5djH8z0hGYjDu6MEgWYaR1ai5UmBF2Hd9KCob66/CAYbbdVkG\n5StiiPqwlqM6I6n0rQlCwDxKhSmeQ5vopveW30Psone8B096OvXAGDBiAUsBisUq\nqVqNocwE8tWvHzLLjLcPPNrhDQLI8c39MEzZ57POQtNqWkXEL++WqA==\n-----END RSA PRIVATE KEY-----\n",
            "public_key": "ssh-rsa AAAAB3NzaC1yc2EAAAADAQABAAABAQCwL4U0YiiYjJncXkS4NA/uLqWP36jUp5X6rwIYs+hTKerohViaczH/6RtzaKfhMwQQZ3eaDanKp5GOShFW5GyYTOlsUkucQzOm0u912TyARA6zbl7jj66NDZIcrV1i02jMaq4e/oprLwTSKTJ1z8I2dd3j8ia6U514qxP0zIp7b26c/NfbsUMwkcpPbnc1cVldqzGFDHxbyAJxiJE6IVQzakLkQabPWosAxSbvAJfhsP+6hm8sHXU5Cy1z7W3RV+a0TzzgztmDo1emiz304wf0wMBS5FiDaDJ9Q9jhkU0zxIkUjEhE6CFmAyokCYSiRJtMZkuWb56OvwyFQlp+fTMz Generated-by-Nova",
            "region": "RegionOne",
            "user_id": "",
            "value_specs": null
          },
          "sensitive_attributes": [],
          "private": "bnVsbA=="
        }
      ]
    },
    {
      "module": "module.instance",
      "mode": "managed",
      "type": "openstack_networking_secgroup_rule_v2",
      "name": "secgroup_rule_1",
      "provider": "provider[\"registry.terraform.io/terraform-provider-openstack/openstack\"]",
      "instances": [
        {
          "schema_version": 0,
          "attributes": {
            "description": "allow SSH from uniza",
            "direction": "ingress",
            "ethertype": "IPv4",
            "id": "2441a972-b1e2-4ca3-9c2d-f885d7d5af08",
            "port_range_max": 22,
            "port_range_min": 22,
            "protocol": "tcp",
            "region": "RegionOne",
            "remote_group_id": "",
            "remote_ip_prefix": "158.193.0.0/16",
            "security_group_id": "4a849c55-0cc6-4212-a441-8b1fec133721",
            "tenant_id": "86c3984a8c7a48bc8caa5aa4a8ec3da1",
            "timeouts": null
          },
          "sensitive_attributes": [],
          "private": "eyJlMmJmYjczMC1lY2FhLTExZTYtOGY4OC0zNDM2M2JjN2M0YzAiOnsiZGVsZXRlIjo2MDAwMDAwMDAwMDB9fQ==",
          "dependencies": [
            "module.instance.openstack_networking_secgroup_v2.secgroup_terrabuntu"
          ]
        }
      ]
    },
    {
      "module": "module.instance",
      "mode": "managed",
      "type": "openstack_networking_secgroup_rule_v2",
      "name": "secgroup_rule_2",
      "provider": "provider[\"registry.terraform.io/terraform-provider-openstack/openstack\"]",
      "instances": [
        {
          "schema_version": 0,
          "attributes": {
            "description": "allow ping from uniza",
            "direction": "ingress",
            "ethertype": "IPv4",
            "id": "986e221b-86a9-4f14-a22f-36c35eb5c1ed",
            "port_range_max": 0,
            "port_range_min": 0,
            "protocol": "icmp",
            "region": "RegionOne",
            "remote_group_id": "",
            "remote_ip_prefix": "158.193.0.0/16",
            "security_group_id": "4a849c55-0cc6-4212-a441-8b1fec133721",
            "tenant_id": "86c3984a8c7a48bc8caa5aa4a8ec3da1",
            "timeouts": null
          },
          "sensitive_attributes": [],
          "private": "eyJlMmJmYjczMC1lY2FhLTExZTYtOGY4OC0zNDM2M2JjN2M0YzAiOnsiZGVsZXRlIjo2MDAwMDAwMDAwMDB9fQ==",
          "dependencies": [
            "module.instance.openstack_networking_secgroup_v2.secgroup_terrabuntu"
          ]
        }
      ]
    },
    {
      "module": "module.instance",
      "mode": "managed",
      "type": "openstack_networking_secgroup_v2",
      "name": "secgroup_terrabuntu",
      "provider": "provider[\"registry.terraform.io/terraform-provider-openstack/openstack\"]",
      "instances": [
        {
          "schema_version": 0,
          "attributes": {
            "all_tags": [],
            "delete_default_rules": null,
            "description": "My neutron security group",
            "id": "4a849c55-0cc6-4212-a441-8b1fec133721",
            "name": "secgroup_terrabuntu",
            "region": "RegionOne",
            "tags": [],
            "tenant_id": "86c3984a8c7a48bc8caa5aa4a8ec3da1",
            "timeouts": null
          },
          "sensitive_attributes": [],
          "private": "eyJlMmJmYjczMC1lY2FhLTExZTYtOGY4OC0zNDM2M2JjN2M0YzAiOnsiZGVsZXRlIjo2MDAwMDAwMDAwMDB9fQ=="
        }
      ]
    },
    {
      "module": "module.instance",
      "mode": "managed",
      "type": "random_pet",
      "name": "terrabuntu",
      "provider": "provider[\"registry.terraform.io/hashicorp/random\"]",
      "instances": [
        {
          "index_key": 0,
          "schema_version": 0,
          "attributes": {
            "id": "heron",
            "keepers": null,
            "length": 1,
            "prefix": null,
            "separator": "-"
          },
          "sensitive_attributes": []
        },
        {
          "index_key": 1,
          "schema_version": 0,
          "attributes": {
            "id": "tahr",
            "keepers": null,
            "length": 1,
            "prefix": null,
            "separator": "-"
          },
          "sensitive_attributes": []
        }
      ]
    }
  ],
  "check_results": []
}
