{
  "version": 4,
  "terraform_version": "1.3.2",
  "serial": 630,
  "lineage": "d07acfe6-06d8-6b4b-50f6-8225ba30b6b3",
  "outputs": {
    "instance": {
      "value": {
        "instance_ip_addr": [
          [
            "158.193.153.238"
          ]
        ],
        "instance_name": [
          [
            "terrabuntu-eel"
          ]
        ]
      },
      "type": [
        "object",
        {
          "instance_ip_addr": [
            "tuple",
            [
              [
                "tuple",
                [
                  "string"
                ]
              ]
            ]
          ],
          "instance_name": [
            "tuple",
            [
              [
                "tuple",
                [
                  "string"
                ]
              ]
            ]
          ]
        }
      ]
    }
  },
  "resources": [
    {
      "module": "module.instance",
      "mode": "data",
      "type": "http",
      "name": "myip",
      "provider": "provider[\"registry.terraform.io/hashicorp/http\"]",
      "instances": [
        {
          "schema_version": 0,
          "attributes": {
            "body": "158.193.177.9\n",
            "id": "http://ipv4.icanhazip.com",
            "method": null,
            "request_body": null,
            "request_headers": null,
            "response_body": "158.193.177.9\n",
            "response_headers": {
              "Access-Control-Allow-Methods": "GET",
              "Access-Control-Allow-Origin": "*",
              "Alt-Svc": "h3=\":443\"; ma=86400, h3-29=\":443\"; ma=86400",
              "Cf-Ray": "75973217ba72c314-VIE",
              "Connection": "keep-alive",
              "Content-Length": "15",
              "Content-Type": "text/plain",
              "Date": "Thu, 13 Oct 2022 09:54:45 GMT",
              "Server": "cloudflare",
              "Set-Cookie": "__cf_bm=6POiOGCi1GduPbmRlw7WYdeG02GqsgtPBuG.hftfKWE-1665654885-0-AV9LwVEmRXvjLvjvhtTk8j0wEvw//VLyaVtUswT6mRiX/gwdB/AVL1RdP/CAK6/4Dj4w7CvwPxEIHFd+5uPaLD4=; path=/; expires=Thu, 13-Oct-22 10:24:45 GMT; domain=.icanhazip.com; HttpOnly; SameSite=None",
              "Vary": "Accept-Encoding"
            },
            "status_code": 200,
            "url": "http://ipv4.icanhazip.com"
          },
          "sensitive_attributes": []
        }
      ]
    },
    {
      "module": "module.instance",
      "mode": "managed",
      "type": "local_file",
      "name": "private_key",
      "provider": "provider[\"registry.terraform.io/hashicorp/local\"]",
      "instances": [
        {
          "schema_version": 0,
          "attributes": {
            "content": "-----BEGIN RSA PRIVATE KEY-----\nMIIEowIBAAKCAQEAqzpg1PNAUZRkqk7c6HPQfPeIZ3rtJ/ncbGXrmrZ7GUyVS6zY\njhJfC1y7Uqah+GHj38QrX/4CkA8EehvLROrsykU1k5XIhdkZzJJLbT6Fds1KvFMB\nECuxc1O4rzqElA6qiwggc2CdJLzdFrZLu+1VNF7hwnF6N0C7G4mZu3xKiYQ28DcJ\n6lyHJQz/Ij41PyA8t9Ap0JycqPLONPPH/CGLcf+xvjxnFAvfQA3wA0n1B+xqNq2g\nhQ1tPIskPHCB4YJ9u6RboeqqyPyipQn+eUIH1zauzE2tTzm5q64hJGmV3SEaKqSA\n5xJe2Z5M++R1bGYWnKfSM6qPeVRF0B43gCo9CwIDAQABAoIBACcN9bAcm3sAAcXm\nnvRWFiOqwe34V8dacjA3PvnWzVUD5rmP/wTIo+0PhZpgb2kbysHrGImYgjUhd7/y\nPvbFLqUkDAhRjZ8Z2YyTgai1LfPe90DlHcT2ck7/tYwiKMMsZTG49M3cJ3uNqE/Z\n3IRMqbZ8Pbn/8ARSO1sYk3vz6Xxbz/vZOmhn8GirMYTGpTfRXHdV1g9e+LRztxNy\nXcZRyZbxL7HLVpvidq2CdD4bYfH+Iw7OBdWnmX/Jna52liyi+s/WIdPqNAduzX11\nOcSqc4megtyW2BovSoELAPnh9Xvt//zUdjuF5USD+6+vgfy1MCTD7KQq9fGZhNxX\nG+jso0ECgYEA4NVieHbUZfqDXaQLehZ6L55FH1JhwheruGriSV6nTc+dM0KoRhqc\nXtfRZahjhfZnqzMgCt41Cmbfc8z89tB3piiwGl75X/v3jni9VfzqiGfS+gU3Jm7W\nx9+KkOsfJpxj2iH+pdFN7EqdBkKLqg0CYsX7N+seGdpvs76Z+9vct1MCgYEAwva1\nOR8YLgjXI9tcany6QUm7CdsalkdawP7cPvaKVz4MELAjS6pukTDvK1SJIVx17mcS\nMpmq+3juYxfC7bnRGj+0lgjZukwu/M8Ez4AsnFe4cAPSbAFY7l3SSGqQQEuSXjIV\nzsEpnVUY+amazcQ936XUYSY8Iu0zyal1kZ0rRGkCgYAHmi+CM0JrUFUwzWM19Zyc\nD5X2wSpdDb/YtISCRpkRoHuISDC4bh3rdxC1h0QWO4a12zyyIWFZwLC9kajcD6B8\nFdQekCeOf06Xmq2MQskLY7dWjOaYfhb1GzHsRIcBHzihH5UktjcUTlGQ7J8cWORD\nwr4D3gdeiGxOf5tlUMHd0QKBgQC7jaYMy3LxZiPBJNekwVRUVl+OPa83/nC51PN/\nxqCTCOeGbkumENDI7/BFGM/Kvi3dKF6DOv0XaeC6hzNIikc0HzDUXLNH2t4g6e5Q\nx5ci1+hgKe0VZb5toOgYLhuTHqAx6bC882nbJvAdzSFU7YIwUlEbHDMhzlrRlym4\n6R+kcQKBgHBeDHgDDSn9g0IUPUGW3aAtp/s3KZ6qu8tN4PQMSQ1FF5CAR8zUb98q\naSWAlTlrMeqEciu+aRw85o96978oC2oALjHdHLyAfGYdRw1hlQfpfmAU2A7oR4bO\nqWfnfUK2dMf4PoAxy9bjaQ726daAG4NFk7QvRwEC27sTIQ9MaMJj\n-----END RSA PRIVATE KEY-----\n",
            "content_base64": null,
            "directory_permission": "0777",
            "file_permission": "0600",
            "filename": "/home/ubuntu/.ssh/terrabuntu-key.pem",
            "id": "f2e0f5f91e232089fcda752df3f3c0286f593202",
            "sensitive_content": null,
            "source": null
          },
          "sensitive_attributes": [],
          "private": "bnVsbA==",
          "dependencies": [
            "module.instance.openstack_compute_keypair_v2.keypair"
          ]
        }
      ]
    },
    {
      "module": "module.instance",
      "mode": "managed",
      "type": "openstack_compute_instance_v2",
      "name": "instance",
      "provider": "provider[\"registry.terraform.io/terraform-provider-openstack/openstack\"]",
      "instances": [
        {
          "index_key": 0,
          "schema_version": 0,
          "attributes": {
            "access_ip_v4": "158.193.153.238",
            "access_ip_v6": "[2001:4118:300:124::1:42b]",
            "admin_pass": null,
            "all_metadata": {},
            "all_tags": [],
            "availability_zone": "compute1",
            "availability_zone_hints": null,
            "block_device": [],
            "config_drive": null,
            "flavor_id": "1eee6fc3-f274-4406-a054-1969ac79926f",
            "flavor_name": "CAS_normal",
            "floating_ip": null,
            "force_delete": false,
            "id": "6ef805ce-0142-4c37-89ef-2b6f41ffc44f",
            "image_id": "0fc1152a-4037-4d89-a22a-60f477e2eba0",
            "image_name": "ubuntu_server_20.04_Openstack",
            "key_pair": "terrabuntu-key",
            "metadata": null,
            "name": "terrabuntu-eel",
            "network": [
              {
                "access_network": false,
                "fixed_ip_v4": "158.193.153.238",
                "fixed_ip_v6": "[2001:4118:300:124::1:42b]",
                "floating_ip": "",
                "mac": "fa:16:3e:65:0e:4d",
                "name": "ext-net",
                "port": "",
                "uuid": "1879d9ce-dd1f-4d9b-a9b0-d4fe208dc88a"
              }
            ],
            "network_mode": null,
            "personality": [],
            "power_state": "active",
            "region": "RegionOne",
            "scheduler_hints": [],
            "security_groups": [
              "secgroup-terrabuntu"
            ],
            "stop_before_destroy": false,
            "tags": [],
            "timeouts": null,
            "user_data": "887a172b02cda282b786f5e5818119cda529f5a8",
            "vendor_options": [],
            "volume": []
          },
          "sensitive_attributes": [],
          "private": "eyJlMmJmYjczMC1lY2FhLTExZTYtOGY4OC0zNDM2M2JjN2M0YzAiOnsiY3JlYXRlIjoxODAwMDAwMDAwMDAwLCJkZWxldGUiOjE4MDAwMDAwMDAwMDAsInVwZGF0ZSI6MTgwMDAwMDAwMDAwMH19",
          "dependencies": [
            "module.instance.openstack_compute_keypair_v2.keypair",
            "module.instance.openstack_networking_secgroup_v2.secgroup_01",
            "module.instance.random_pet.terrabuntu"
          ]
        }
      ]
    },
    {
      "module": "module.instance",
      "mode": "managed",
      "type": "openstack_compute_keypair_v2",
      "name": "keypair",
      "provider": "provider[\"registry.terraform.io/terraform-provider-openstack/openstack\"]",
      "instances": [
        {
          "schema_version": 0,
          "attributes": {
            "fingerprint": "ff:4b:11:ce:e8:16:97:3f:54:b7:e9:0f:2d:2f:bc:07",
            "id": "terrabuntu-key",
            "name": "terrabuntu-key",
            "private_key": "-----BEGIN RSA PRIVATE KEY-----\nMIIEowIBAAKCAQEAqzpg1PNAUZRkqk7c6HPQfPeIZ3rtJ/ncbGXrmrZ7GUyVS6zY\njhJfC1y7Uqah+GHj38QrX/4CkA8EehvLROrsykU1k5XIhdkZzJJLbT6Fds1KvFMB\nECuxc1O4rzqElA6qiwggc2CdJLzdFrZLu+1VNF7hwnF6N0C7G4mZu3xKiYQ28DcJ\n6lyHJQz/Ij41PyA8t9Ap0JycqPLONPPH/CGLcf+xvjxnFAvfQA3wA0n1B+xqNq2g\nhQ1tPIskPHCB4YJ9u6RboeqqyPyipQn+eUIH1zauzE2tTzm5q64hJGmV3SEaKqSA\n5xJe2Z5M++R1bGYWnKfSM6qPeVRF0B43gCo9CwIDAQABAoIBACcN9bAcm3sAAcXm\nnvRWFiOqwe34V8dacjA3PvnWzVUD5rmP/wTIo+0PhZpgb2kbysHrGImYgjUhd7/y\nPvbFLqUkDAhRjZ8Z2YyTgai1LfPe90DlHcT2ck7/tYwiKMMsZTG49M3cJ3uNqE/Z\n3IRMqbZ8Pbn/8ARSO1sYk3vz6Xxbz/vZOmhn8GirMYTGpTfRXHdV1g9e+LRztxNy\nXcZRyZbxL7HLVpvidq2CdD4bYfH+Iw7OBdWnmX/Jna52liyi+s/WIdPqNAduzX11\nOcSqc4megtyW2BovSoELAPnh9Xvt//zUdjuF5USD+6+vgfy1MCTD7KQq9fGZhNxX\nG+jso0ECgYEA4NVieHbUZfqDXaQLehZ6L55FH1JhwheruGriSV6nTc+dM0KoRhqc\nXtfRZahjhfZnqzMgCt41Cmbfc8z89tB3piiwGl75X/v3jni9VfzqiGfS+gU3Jm7W\nx9+KkOsfJpxj2iH+pdFN7EqdBkKLqg0CYsX7N+seGdpvs76Z+9vct1MCgYEAwva1\nOR8YLgjXI9tcany6QUm7CdsalkdawP7cPvaKVz4MELAjS6pukTDvK1SJIVx17mcS\nMpmq+3juYxfC7bnRGj+0lgjZukwu/M8Ez4AsnFe4cAPSbAFY7l3SSGqQQEuSXjIV\nzsEpnVUY+amazcQ936XUYSY8Iu0zyal1kZ0rRGkCgYAHmi+CM0JrUFUwzWM19Zyc\nD5X2wSpdDb/YtISCRpkRoHuISDC4bh3rdxC1h0QWO4a12zyyIWFZwLC9kajcD6B8\nFdQekCeOf06Xmq2MQskLY7dWjOaYfhb1GzHsRIcBHzihH5UktjcUTlGQ7J8cWORD\nwr4D3gdeiGxOf5tlUMHd0QKBgQC7jaYMy3LxZiPBJNekwVRUVl+OPa83/nC51PN/\nxqCTCOeGbkumENDI7/BFGM/Kvi3dKF6DOv0XaeC6hzNIikc0HzDUXLNH2t4g6e5Q\nx5ci1+hgKe0VZb5toOgYLhuTHqAx6bC882nbJvAdzSFU7YIwUlEbHDMhzlrRlym4\n6R+kcQKBgHBeDHgDDSn9g0IUPUGW3aAtp/s3KZ6qu8tN4PQMSQ1FF5CAR8zUb98q\naSWAlTlrMeqEciu+aRw85o96978oC2oALjHdHLyAfGYdRw1hlQfpfmAU2A7oR4bO\nqWfnfUK2dMf4PoAxy9bjaQ726daAG4NFk7QvRwEC27sTIQ9MaMJj\n-----END RSA PRIVATE KEY-----\n",
            "public_key": "ssh-rsa AAAAB3NzaC1yc2EAAAADAQABAAABAQCrOmDU80BRlGSqTtzoc9B894hneu0n+dxsZeuatnsZTJVLrNiOEl8LXLtSpqH4YePfxCtf/gKQDwR6G8tE6uzKRTWTlciF2RnMkkttPoV2zUq8UwEQK7FzU7ivOoSUDqqLCCBzYJ0kvN0Wtku77VU0XuHCcXo3QLsbiZm7fEqJhDbwNwnqXIclDP8iPjU/IDy30CnQnJyo8s4088f8IYtx/7G+PGcUC99ADfADSfUH7Go2raCFDW08iyQ8cIHhgn27pFuh6qrI/KKlCf55QgfXNq7MTa1PObmrriEkaZXdIRoqpIDnEl7Znkz75HVsZhacp9Izqo95VEXQHjeAKj0L Generated-by-Nova",
            "region": "RegionOne",
            "user_id": "",
            "value_specs": null
          },
          "sensitive_attributes": [],
          "private": "bnVsbA=="
        }
      ]
    },
    {
      "module": "module.instance",
      "mode": "managed",
      "type": "openstack_networking_secgroup_rule_v2",
      "name": "allow_myip_icmp",
      "provider": "provider[\"registry.terraform.io/terraform-provider-openstack/openstack\"]",
      "instances": [
        {
          "schema_version": 0,
          "attributes": {
            "description": "allow ping from myip",
            "direction": "ingress",
            "ethertype": "IPv4",
            "id": "ad11203e-3cf5-4524-b7fe-dcd8425f0df9",
            "port_range_max": 0,
            "port_range_min": 0,
            "protocol": "icmp",
            "region": "RegionOne",
            "remote_group_id": "",
            "remote_ip_prefix": "158.193.177.9/32",
            "security_group_id": "a918e882-4bba-4358-ba18-338120ef7257",
            "tenant_id": "86c3984a8c7a48bc8caa5aa4a8ec3da1",
            "timeouts": null
          },
          "sensitive_attributes": [],
          "private": "eyJlMmJmYjczMC1lY2FhLTExZTYtOGY4OC0zNDM2M2JjN2M0YzAiOnsiZGVsZXRlIjo2MDAwMDAwMDAwMDB9fQ==",
          "dependencies": [
            "module.instance.data.http.myip",
            "module.instance.openstack_networking_secgroup_v2.secgroup_01"
          ]
        }
      ]
    },
    {
      "module": "module.instance",
      "mode": "managed",
      "type": "openstack_networking_secgroup_rule_v2",
      "name": "allow_myip_ssh",
      "provider": "provider[\"registry.terraform.io/terraform-provider-openstack/openstack\"]",
      "instances": [
        {
          "schema_version": 0,
          "attributes": {
            "description": "allow SSH from myip",
            "direction": "ingress",
            "ethertype": "IPv4",
            "id": "a49571ae-fc29-4a8b-aa7b-3ba29f06752a",
            "port_range_max": 22,
            "port_range_min": 22,
            "protocol": "tcp",
            "region": "RegionOne",
            "remote_group_id": "",
            "remote_ip_prefix": "158.193.177.9/32",
            "security_group_id": "a918e882-4bba-4358-ba18-338120ef7257",
            "tenant_id": "86c3984a8c7a48bc8caa5aa4a8ec3da1",
            "timeouts": null
          },
          "sensitive_attributes": [],
          "private": "eyJlMmJmYjczMC1lY2FhLTExZTYtOGY4OC0zNDM2M2JjN2M0YzAiOnsiZGVsZXRlIjo2MDAwMDAwMDAwMDB9fQ==",
          "dependencies": [
            "module.instance.data.http.myip",
            "module.instance.openstack_networking_secgroup_v2.secgroup_01"
          ]
        }
      ]
    },
    {
      "module": "module.instance",
      "mode": "managed",
      "type": "openstack_networking_secgroup_rule_v2",
      "name": "allow_public_http",
      "provider": "provider[\"registry.terraform.io/terraform-provider-openstack/openstack\"]",
      "instances": [
        {
          "schema_version": 0,
          "attributes": {
            "description": "allow public http on 80",
            "direction": "ingress",
            "ethertype": "IPv4",
            "id": "208283df-5125-435c-83c5-232d420a3a00",
            "port_range_max": 80,
            "port_range_min": 80,
            "protocol": "tcp",
            "region": "RegionOne",
            "remote_group_id": "",
            "remote_ip_prefix": "0.0.0.0/0",
            "security_group_id": "a918e882-4bba-4358-ba18-338120ef7257",
            "tenant_id": "86c3984a8c7a48bc8caa5aa4a8ec3da1",
            "timeouts": null
          },
          "sensitive_attributes": [],
          "private": "eyJlMmJmYjczMC1lY2FhLTExZTYtOGY4OC0zNDM2M2JjN2M0YzAiOnsiZGVsZXRlIjo2MDAwMDAwMDAwMDB9fQ==",
          "dependencies": [
            "module.instance.openstack_networking_secgroup_v2.secgroup_01"
          ]
        }
      ]
    },
    {
      "module": "module.instance",
      "mode": "managed",
      "type": "openstack_networking_secgroup_v2",
      "name": "secgroup_01",
      "provider": "provider[\"registry.terraform.io/terraform-provider-openstack/openstack\"]",
      "instances": [
        {
          "schema_version": 0,
          "attributes": {
            "all_tags": [],
            "delete_default_rules": null,
            "description": "Security group for terrabuntu project",
            "id": "a918e882-4bba-4358-ba18-338120ef7257",
            "name": "secgroup-terrabuntu",
            "region": "RegionOne",
            "tags": [],
            "tenant_id": "86c3984a8c7a48bc8caa5aa4a8ec3da1",
            "timeouts": null
          },
          "sensitive_attributes": [],
          "private": "eyJlMmJmYjczMC1lY2FhLTExZTYtOGY4OC0zNDM2M2JjN2M0YzAiOnsiZGVsZXRlIjo2MDAwMDAwMDAwMDB9fQ=="
        }
      ]
    },
    {
      "module": "module.instance",
      "mode": "managed",
      "type": "random_pet",
      "name": "terrabuntu",
      "provider": "provider[\"registry.terraform.io/hashicorp/random\"]",
      "instances": [
        {
          "index_key": 0,
          "schema_version": 0,
          "attributes": {
            "id": "eel",
            "keepers": null,
            "length": 1,
            "prefix": null,
            "separator": "-"
          },
          "sensitive_attributes": []
        }
      ]
    },
    {
      "module": "module.network",
      "mode": "data",
      "type": "http",
      "name": "myip",
      "provider": "provider[\"registry.terraform.io/hashicorp/http\"]",
      "instances": [
        {
          "schema_version": 0,
          "attributes": {
            "body": "158.193.177.9\n",
            "id": "http://ipv4.icanhazip.com",
            "method": null,
            "request_body": null,
            "request_headers": null,
            "response_body": "158.193.177.9\n",
            "response_headers": {
              "Access-Control-Allow-Methods": "GET",
              "Access-Control-Allow-Origin": "*",
              "Alt-Svc": "h3=\":443\"; ma=86400, h3-29=\":443\"; ma=86400",
              "Cf-Ray": "75973217bdf338bf-VIE",
              "Connection": "keep-alive",
              "Content-Length": "15",
              "Content-Type": "text/plain",
              "Date": "Thu, 13 Oct 2022 09:54:45 GMT",
              "Server": "cloudflare",
              "Set-Cookie": "__cf_bm=wpSkWjmKCSn3DpAayOJs.laOWwtGV.pB2FrZJm9SPro-1665654885-0-AXorrtS2dMRej9seSU+doB30PrBckvj19By+c56jzeQVPOgDt9eM6Vtq9pQpWN36Apgj6JHtFTUMz5kVTFPs9l4=; path=/; expires=Thu, 13-Oct-22 10:24:45 GMT; domain=.icanhazip.com; HttpOnly; SameSite=None",
              "Vary": "Accept-Encoding"
            },
            "status_code": 200,
            "url": "http://ipv4.icanhazip.com"
          },
          "sensitive_attributes": []
        }
      ]
    },
    {
      "module": "module.network",
      "mode": "managed",
      "type": "openstack_networking_network_v2",
      "name": "tf_vbridge",
      "provider": "provider[\"registry.terraform.io/terraform-provider-openstack/openstack\"]",
      "instances": [
        {
          "schema_version": 0,
          "attributes": {
            "admin_state_up": true,
            "all_tags": [],
            "availability_zone_hints": [],
            "description": "",
            "dns_domain": "",
            "external": false,
            "id": "c5ebf337-c30b-43e2-a9a7-ed80790b189f",
            "mtu": 1450,
            "name": "tf_test_network",
            "port_security_enabled": true,
            "qos_policy_id": "",
            "region": "RegionOne",
            "segments": [],
            "shared": false,
            "tags": [],
            "tenant_id": "86c3984a8c7a48bc8caa5aa4a8ec3da1",
            "timeouts": null,
            "transparent_vlan": false,
            "value_specs": null
          },
          "sensitive_attributes": [],
          "private": "eyJlMmJmYjczMC1lY2FhLTExZTYtOGY4OC0zNDM2M2JjN2M0YzAiOnsiY3JlYXRlIjo2MDAwMDAwMDAwMDAsImRlbGV0ZSI6NjAwMDAwMDAwMDAwfX0="
        }
      ]
    },
    {
      "module": "module.network",
      "mode": "managed",
      "type": "openstack_networking_subnet_v2",
      "name": "subnet_1",
      "provider": "provider[\"registry.terraform.io/terraform-provider-openstack/openstack\"]",
      "instances": [
        {
          "schema_version": 0,
          "attributes": {
            "all_tags": [],
            "allocation_pool": [
              {
                "end": "192.168.200.254",
                "start": "192.168.200.2"
              }
            ],
            "allocation_pools": [
              {
                "end": "192.168.200.254",
                "start": "192.168.200.2"
              }
            ],
            "cidr": "192.168.200.0/24",
            "description": "",
            "dns_nameservers": [],
            "enable_dhcp": true,
            "gateway_ip": "192.168.200.1",
            "host_routes": [],
            "id": "8f7f87f4-6a19-485f-9b2b-852058a3cfa6",
            "ip_version": 4,
            "ipv6_address_mode": "",
            "ipv6_ra_mode": "",
            "name": "",
            "network_id": "c5ebf337-c30b-43e2-a9a7-ed80790b189f",
            "no_gateway": false,
            "prefix_length": null,
            "region": "RegionOne",
            "subnetpool_id": "",
            "tags": [],
            "tenant_id": "86c3984a8c7a48bc8caa5aa4a8ec3da1",
            "timeouts": null,
            "value_specs": null
          },
          "sensitive_attributes": [],
          "private": "eyJlMmJmYjczMC1lY2FhLTExZTYtOGY4OC0zNDM2M2JjN2M0YzAiOnsiY3JlYXRlIjo2MDAwMDAwMDAwMDAsImRlbGV0ZSI6NjAwMDAwMDAwMDAwfX0=",
          "dependencies": [
            "module.network.openstack_networking_network_v2.tf_vbridge"
          ]
        }
      ]
    }
  ],
  "check_results": []
}
