{
  "version": 4,
  "terraform_version": "1.3.1",
  "serial": 43,
  "lineage": "f618da2c-e42f-4c58-aee8-06e76bf51c0e",
  "outputs": {},
  "resources": [
    {
      "mode": "managed",
      "type": "openstack_compute_instance_v2",
      "name": "terrabuntu_01",
      "provider": "provider[\"registry.terraform.io/terraform-provider-openstack/openstack\"]",
      "instances": [
        {
          "schema_version": 0,
          "attributes": {
            "access_ip_v4": "158.193.153.170",
            "access_ip_v6": "[2001:4118:300:124::1:23e]",
            "admin_pass": null,
            "all_metadata": {},
            "all_tags": [],
            "availability_zone": "compute1",
            "availability_zone_hints": null,
            "block_device": [],
            "config_drive": null,
            "flavor_id": "1eee6fc3-f274-4406-a054-1969ac79926f",
            "flavor_name": "CAS_normal",
            "floating_ip": null,
            "force_delete": false,
            "id": "48064fd9-7844-4e63-a2e2-2e6974c1003e",
            "image_id": "0fc1152a-4037-4d89-a22a-60f477e2eba0",
            "image_name": "ubuntu_server_20.04_Openstack",
            "key_pair": "key-stud-15",
            "metadata": null,
            "name": "terrabuntu 01",
            "network": [
              {
                "access_network": false,
                "fixed_ip_v4": "158.193.153.170",
                "fixed_ip_v6": "[2001:4118:300:124::1:23e]",
                "floating_ip": "",
                "mac": "fa:16:3e:8c:4b:75",
                "name": "ext-net",
                "port": "",
                "uuid": "1879d9ce-dd1f-4d9b-a9b0-d4fe208dc88a"
              },
              {
                "access_network": false,
                "fixed_ip_v4": "192.168.200.186",
                "fixed_ip_v6": "",
                "floating_ip": "",
                "mac": "fa:16:3e:72:36:b4",
                "name": "tf_test_network",
                "port": "",
                "uuid": "9914ae96-7416-4061-b012-611acaac7148"
              }
            ],
            "network_mode": null,
            "personality": [],
            "power_state": "active",
            "region": "RegionOne",
            "scheduler_hints": [],
            "security_groups": [
              "5e01d29f-448f-4909-a9a9-bedd0e12955a"
            ],
            "stop_before_destroy": false,
            "tags": null,
            "timeouts": null,
            "user_data": null,
            "vendor_options": [],
            "volume": []
          },
          "sensitive_attributes": [],
          "private": "eyJlMmJmYjczMC1lY2FhLTExZTYtOGY4OC0zNDM2M2JjN2M0YzAiOnsiY3JlYXRlIjoxODAwMDAwMDAwMDAwLCJkZWxldGUiOjE4MDAwMDAwMDAwMDAsInVwZGF0ZSI6MTgwMDAwMDAwMDAwMH19",
          "dependencies": [
            "openstack_networking_network_v2.tf_vbridge",
            "openstack_networking_secgroup_v2.secgroup_terrabuntu"
          ]
        }
      ]
    },
    {
      "mode": "managed",
      "type": "openstack_compute_instance_v2",
      "name": "terrabuntu_02",
      "provider": "provider[\"registry.terraform.io/terraform-provider-openstack/openstack\"]",
      "instances": [
        {
          "schema_version": 0,
          "attributes": {
            "access_ip_v4": "158.193.153.247",
            "access_ip_v6": "[2001:4118:300:124::1:2a]",
            "admin_pass": null,
            "all_metadata": {},
            "all_tags": [],
            "availability_zone": "compute1",
            "availability_zone_hints": null,
            "block_device": [],
            "config_drive": null,
            "flavor_id": "1eee6fc3-f274-4406-a054-1969ac79926f",
            "flavor_name": "CAS_normal",
            "floating_ip": null,
            "force_delete": false,
            "id": "16d337c0-ea9c-4289-bad4-61c9feb98c8f",
            "image_id": "0fc1152a-4037-4d89-a22a-60f477e2eba0",
            "image_name": "ubuntu_server_20.04_Openstack",
            "key_pair": "key-stud-15",
            "metadata": null,
            "name": "terrabuntu 02",
            "network": [
              {
                "access_network": false,
                "fixed_ip_v4": "158.193.153.247",
                "fixed_ip_v6": "[2001:4118:300:124::1:2a]",
                "floating_ip": "",
                "mac": "fa:16:3e:c5:f4:44",
                "name": "ext-net",
                "port": "",
                "uuid": "1879d9ce-dd1f-4d9b-a9b0-d4fe208dc88a"
              },
              {
                "access_network": false,
                "fixed_ip_v4": "192.168.200.15",
                "fixed_ip_v6": "",
                "floating_ip": "",
                "mac": "fa:16:3e:bb:25:16",
                "name": "tf_test_network",
                "port": "",
                "uuid": "9914ae96-7416-4061-b012-611acaac7148"
              }
            ],
            "network_mode": null,
            "personality": [],
            "power_state": "active",
            "region": "RegionOne",
            "scheduler_hints": [],
            "security_groups": [
              "5e01d29f-448f-4909-a9a9-bedd0e12955a"
            ],
            "stop_before_destroy": false,
            "tags": null,
            "timeouts": null,
            "user_data": null,
            "vendor_options": [],
            "volume": []
          },
          "sensitive_attributes": [],
          "private": "eyJlMmJmYjczMC1lY2FhLTExZTYtOGY4OC0zNDM2M2JjN2M0YzAiOnsiY3JlYXRlIjoxODAwMDAwMDAwMDAwLCJkZWxldGUiOjE4MDAwMDAwMDAwMDAsInVwZGF0ZSI6MTgwMDAwMDAwMDAwMH19",
          "dependencies": [
            "openstack_networking_network_v2.tf_vbridge",
            "openstack_networking_secgroup_v2.secgroup_terrabuntu"
          ]
        }
      ]
    },
    {
      "mode": "managed",
      "type": "openstack_networking_network_v2",
      "name": "tf_vbridge",
      "provider": "provider[\"registry.terraform.io/terraform-provider-openstack/openstack\"]",
      "instances": [
        {
          "schema_version": 0,
          "attributes": {
            "admin_state_up": true,
            "all_tags": [],
            "availability_zone_hints": [],
            "description": "",
            "dns_domain": "",
            "external": false,
            "id": "9914ae96-7416-4061-b012-611acaac7148",
            "mtu": 1450,
            "name": "tf_test_network",
            "port_security_enabled": true,
            "qos_policy_id": "",
            "region": "RegionOne",
            "segments": [],
            "shared": false,
            "tags": null,
            "tenant_id": "86c3984a8c7a48bc8caa5aa4a8ec3da1",
            "timeouts": null,
            "transparent_vlan": false,
            "value_specs": null
          },
          "sensitive_attributes": [],
          "private": "eyJlMmJmYjczMC1lY2FhLTExZTYtOGY4OC0zNDM2M2JjN2M0YzAiOnsiY3JlYXRlIjo2MDAwMDAwMDAwMDAsImRlbGV0ZSI6NjAwMDAwMDAwMDAwfX0="
        }
      ]
    },
    {
      "mode": "managed",
      "type": "openstack_networking_secgroup_rule_v2",
      "name": "secgroup_rule_1",
      "provider": "provider[\"registry.terraform.io/terraform-provider-openstack/openstack\"]",
      "instances": [
        {
          "schema_version": 0,
          "attributes": {
            "description": "allow SSH from uniza",
            "direction": "ingress",
            "ethertype": "IPv4",
            "id": "55254d5c-fcf5-4a80-885c-107d7e87917a",
            "port_range_max": 22,
            "port_range_min": 22,
            "protocol": "tcp",
            "region": "RegionOne",
            "remote_group_id": "",
            "remote_ip_prefix": "158.193.0.0/16",
            "security_group_id": "5e01d29f-448f-4909-a9a9-bedd0e12955a",
            "tenant_id": "86c3984a8c7a48bc8caa5aa4a8ec3da1",
            "timeouts": null
          },
          "sensitive_attributes": [],
          "private": "eyJlMmJmYjczMC1lY2FhLTExZTYtOGY4OC0zNDM2M2JjN2M0YzAiOnsiZGVsZXRlIjo2MDAwMDAwMDAwMDB9fQ==",
          "dependencies": [
            "openstack_networking_secgroup_v2.secgroup_terrabuntu"
          ]
        }
      ]
    },
    {
      "mode": "managed",
      "type": "openstack_networking_secgroup_rule_v2",
      "name": "secgroup_rule_2",
      "provider": "provider[\"registry.terraform.io/terraform-provider-openstack/openstack\"]",
      "instances": [
        {
          "schema_version": 0,
          "attributes": {
            "description": "allow ping from uniza",
            "direction": "ingress",
            "ethertype": "IPv4",
            "id": "c05301f5-227c-40b3-a067-0ed29bf8f1b6",
            "port_range_max": 0,
            "port_range_min": 0,
            "protocol": "icmp",
            "region": "RegionOne",
            "remote_group_id": "",
            "remote_ip_prefix": "158.193.0.0/16",
            "security_group_id": "5e01d29f-448f-4909-a9a9-bedd0e12955a",
            "tenant_id": "86c3984a8c7a48bc8caa5aa4a8ec3da1",
            "timeouts": null
          },
          "sensitive_attributes": [],
          "private": "eyJlMmJmYjczMC1lY2FhLTExZTYtOGY4OC0zNDM2M2JjN2M0YzAiOnsiZGVsZXRlIjo2MDAwMDAwMDAwMDB9fQ==",
          "dependencies": [
            "openstack_networking_secgroup_v2.secgroup_terrabuntu"
          ]
        }
      ]
    },
    {
      "mode": "managed",
      "type": "openstack_networking_secgroup_v2",
      "name": "secgroup_terrabuntu",
      "provider": "provider[\"registry.terraform.io/terraform-provider-openstack/openstack\"]",
      "instances": [
        {
          "schema_version": 0,
          "attributes": {
            "all_tags": [],
            "delete_default_rules": null,
            "description": "My neutron security group",
            "id": "5e01d29f-448f-4909-a9a9-bedd0e12955a",
            "name": "secgroup_terrabuntu",
            "region": "RegionOne",
            "tags": [],
            "tenant_id": "86c3984a8c7a48bc8caa5aa4a8ec3da1",
            "timeouts": null
          },
          "sensitive_attributes": [],
          "private": "eyJlMmJmYjczMC1lY2FhLTExZTYtOGY4OC0zNDM2M2JjN2M0YzAiOnsiZGVsZXRlIjo2MDAwMDAwMDAwMDB9fQ=="
        }
      ]
    },
    {
      "mode": "managed",
      "type": "openstack_networking_subnet_v2",
      "name": "subnet_1",
      "provider": "provider[\"registry.terraform.io/terraform-provider-openstack/openstack\"]",
      "instances": [
        {
          "schema_version": 0,
          "attributes": {
            "all_tags": [],
            "allocation_pool": [
              {
                "end": "192.168.200.254",
                "start": "192.168.200.2"
              }
            ],
            "allocation_pools": [
              {
                "end": "192.168.200.254",
                "start": "192.168.200.2"
              }
            ],
            "cidr": "192.168.200.0/24",
            "description": "",
            "dns_nameservers": null,
            "enable_dhcp": true,
            "gateway_ip": "192.168.200.1",
            "host_routes": [],
            "id": "e7636d3c-c9d7-429c-9d8c-d73ed76ce813",
            "ip_version": 4,
            "ipv6_address_mode": "",
            "ipv6_ra_mode": "",
            "name": "",
            "network_id": "9914ae96-7416-4061-b012-611acaac7148",
            "no_gateway": false,
            "prefix_length": null,
            "region": "RegionOne",
            "subnetpool_id": "",
            "tags": null,
            "tenant_id": "86c3984a8c7a48bc8caa5aa4a8ec3da1",
            "timeouts": null,
            "value_specs": null
          },
          "sensitive_attributes": [],
          "private": "eyJlMmJmYjczMC1lY2FhLTExZTYtOGY4OC0zNDM2M2JjN2M0YzAiOnsiY3JlYXRlIjo2MDAwMDAwMDAwMDAsImRlbGV0ZSI6NjAwMDAwMDAwMDAwfX0=",
          "dependencies": [
            "openstack_networking_network_v2.tf_vbridge"
          ]
        }
      ]
    }
  ],
  "check_results": []
}
