{
  "version": 4,
  "terraform_version": "1.3.1",
  "serial": 88,
  "lineage": "f618da2c-e42f-4c58-aee8-06e76bf51c0e",
  "outputs": {},
  "resources": [
    {
      "mode": "managed",
      "type": "local_file",
      "name": "private_key",
      "provider": "provider[\"registry.terraform.io/hashicorp/local\"]",
      "instances": [
        {
          "schema_version": 0,
          "attributes": {
            "content": "-----BEGIN RSA PRIVATE KEY-----\nMIIEpAIBAAKCAQEA66Kwt0f2fMMzzpFeiEdNPgmZvMBC4A7+boD4u3oWO+CKv3Ch\nXjXIWyArKIFCB/9M3FPUDM35Yff/PAg4GKKajSzU87FKOrFdeeI4qJEMIUli5jlA\n6zxNMuUUGJX5gkkWEW3kYBNZK1PLVx72KQTS5MFORBajMj8UnXUU9DJYt+3u+itp\nPcCDlw++lI5bnCCRV6J71PLE9uYT1xWOaEEhDW87uxJX60jLOSaqEgbWIkBcv9T8\nwpy2nhSpsZ1/G/abdc5Sx6hlH9Jp2Lwq14MduJ77JXAYMRujVYDXXv+JcJcVUfRu\nof4RR5ONxF93EvGCd3Dy+lWO4EopGfq2HlpgmQIDAQABAoIBACo0F2acUv+BjtPe\noYnTC3ijC5AM921eAiAUpXgeo8DRtMgZCi3vgBUiK9izXfpEtaV4tjAc7B+p5WMB\nLdrrtLa4YuPKyzq77bwY0oEOiZekpzwI4SHAySrmcLT+l5PIN1Wj0xWKIZxrA650\n8y3hmUwzeysiytQDDFQvVjNumQlIElpQ/sgYJ9AX1g1BdsdjUqSmJ0Ag5uauKFtg\nKhOm3ZS6b+ycVEcH5lXWLtjiaUkAnaczWPFn+68S1Ku2EVUASlNKmS2db82NPdXQ\nTZxJjTiLUYt6LSYnIC7n7NBk553AgKYTBEWEjwAoZDwt6NvqTKrRtmJP8yl9bYcw\nlgJZZQECgYEA+Qyf8da3mye2NvMvIUxn3/DEhDHSAULHK/vlQWjiWC28nx061Ajh\nO35xChw5V0bLr4iPLzlROW0UG+Q32u/QnPgTLlndEQ0FkM4jnLa5Y6uPHF7Cdn8o\nZuQ/TyNqu8wrZ9hkwjLw1MhERnuqAm409vecgACNpU27RKIwwryE+YkCgYEA8jY6\ncSQlev1LLQ2wRWpqAOt+v8x5uYyqge3CTjkOwrBTuefbmJLiGeBijy/rXvDf9xEg\nuTyuACgBY2SQfvxZp1l2pnPYCMP1NXJzJIN49H+YANM/IYkHjiPfnRNe49R8dlPs\n4T6o/Q9EBCRT0Ep2p5DKFc4RP1b2NCV6MGKAOpECgYEA28rGhXoHhAiiCRDJcUur\nCLnF1Rzax34VpL2j7/wOdd+3bX0wY9yKWiUWweNyv5GdRQbxxq2A/3tCmfLpUHEA\n3Ocalnd8YAXr+YXTbATezBWmMVV3rXg/Qb8CGGebVK21SOpy0eh/Hmq3xrRwr8Bv\nQd344gaa+14EfWfePJ5/hHECgYEA4ate1i2MckPvOAHp+zMDounHRWJ5A0UpVDc2\n83S76O8qgyqgck5gNSXYDnriPKoGsgaWS6BaqjCb4oQ/EOGDkqWLI9kJLlmNbIe+\n+gU4u+zprdMkndUzYd7QqGP05CcE86aMLO0Zu/XuNEG4iXfnh4YikyBU94PJjppg\ndxY/TNECgYArmCxDowjXF31BQfrrVHmYb1VqAgWIGl8vG52epHF09L2+smsWgQD+\no1eHH+8T2KYq8n/W6zg1Nwb6aRHUSy5rZJl8jCzjIXoE3fIrDJC7qHBoQkv1N7Fj\nWC54Qt3S7SLfIdrSP7t/eZwUlQHnpeaOFZpXxLLotCSv6x0cqXn9Hg==\n-----END RSA PRIVATE KEY-----\n",
            "content_base64": null,
            "directory_permission": "0777",
            "file_permission": "0777",
            "filename": "./terrakey.pem",
            "id": "1f044b8b179d131e925704eea68d462a9406a9b4",
            "sensitive_content": null,
            "source": null
          },
          "sensitive_attributes": [],
          "private": "bnVsbA==",
          "dependencies": [
            "openstack_compute_keypair_v2.keypair"
          ]
        }
      ]
    },
    {
      "mode": "managed",
      "type": "openstack_compute_keypair_v2",
      "name": "keypair",
      "provider": "provider[\"registry.terraform.io/terraform-provider-openstack/openstack\"]",
      "instances": [
        {
          "schema_version": 0,
          "attributes": {
            "fingerprint": "bb:83:ee:fc:7b:33:f3:4f:32:3f:64:f1:99:0a:c2:e3",
            "id": "terrakey",
            "name": "terrakey",
            "private_key": "-----BEGIN RSA PRIVATE KEY-----\nMIIEpAIBAAKCAQEA66Kwt0f2fMMzzpFeiEdNPgmZvMBC4A7+boD4u3oWO+CKv3Ch\nXjXIWyArKIFCB/9M3FPUDM35Yff/PAg4GKKajSzU87FKOrFdeeI4qJEMIUli5jlA\n6zxNMuUUGJX5gkkWEW3kYBNZK1PLVx72KQTS5MFORBajMj8UnXUU9DJYt+3u+itp\nPcCDlw++lI5bnCCRV6J71PLE9uYT1xWOaEEhDW87uxJX60jLOSaqEgbWIkBcv9T8\nwpy2nhSpsZ1/G/abdc5Sx6hlH9Jp2Lwq14MduJ77JXAYMRujVYDXXv+JcJcVUfRu\nof4RR5ONxF93EvGCd3Dy+lWO4EopGfq2HlpgmQIDAQABAoIBACo0F2acUv+BjtPe\noYnTC3ijC5AM921eAiAUpXgeo8DRtMgZCi3vgBUiK9izXfpEtaV4tjAc7B+p5WMB\nLdrrtLa4YuPKyzq77bwY0oEOiZekpzwI4SHAySrmcLT+l5PIN1Wj0xWKIZxrA650\n8y3hmUwzeysiytQDDFQvVjNumQlIElpQ/sgYJ9AX1g1BdsdjUqSmJ0Ag5uauKFtg\nKhOm3ZS6b+ycVEcH5lXWLtjiaUkAnaczWPFn+68S1Ku2EVUASlNKmS2db82NPdXQ\nTZxJjTiLUYt6LSYnIC7n7NBk553AgKYTBEWEjwAoZDwt6NvqTKrRtmJP8yl9bYcw\nlgJZZQECgYEA+Qyf8da3mye2NvMvIUxn3/DEhDHSAULHK/vlQWjiWC28nx061Ajh\nO35xChw5V0bLr4iPLzlROW0UG+Q32u/QnPgTLlndEQ0FkM4jnLa5Y6uPHF7Cdn8o\nZuQ/TyNqu8wrZ9hkwjLw1MhERnuqAm409vecgACNpU27RKIwwryE+YkCgYEA8jY6\ncSQlev1LLQ2wRWpqAOt+v8x5uYyqge3CTjkOwrBTuefbmJLiGeBijy/rXvDf9xEg\nuTyuACgBY2SQfvxZp1l2pnPYCMP1NXJzJIN49H+YANM/IYkHjiPfnRNe49R8dlPs\n4T6o/Q9EBCRT0Ep2p5DKFc4RP1b2NCV6MGKAOpECgYEA28rGhXoHhAiiCRDJcUur\nCLnF1Rzax34VpL2j7/wOdd+3bX0wY9yKWiUWweNyv5GdRQbxxq2A/3tCmfLpUHEA\n3Ocalnd8YAXr+YXTbATezBWmMVV3rXg/Qb8CGGebVK21SOpy0eh/Hmq3xrRwr8Bv\nQd344gaa+14EfWfePJ5/hHECgYEA4ate1i2MckPvOAHp+zMDounHRWJ5A0UpVDc2\n83S76O8qgyqgck5gNSXYDnriPKoGsgaWS6BaqjCb4oQ/EOGDkqWLI9kJLlmNbIe+\n+gU4u+zprdMkndUzYd7QqGP05CcE86aMLO0Zu/XuNEG4iXfnh4YikyBU94PJjppg\ndxY/TNECgYArmCxDowjXF31BQfrrVHmYb1VqAgWIGl8vG52epHF09L2+smsWgQD+\no1eHH+8T2KYq8n/W6zg1Nwb6aRHUSy5rZJl8jCzjIXoE3fIrDJC7qHBoQkv1N7Fj\nWC54Qt3S7SLfIdrSP7t/eZwUlQHnpeaOFZpXxLLotCSv6x0cqXn9Hg==\n-----END RSA PRIVATE KEY-----\n",
            "public_key": "ssh-rsa AAAAB3NzaC1yc2EAAAADAQABAAABAQDrorC3R/Z8wzPOkV6IR00+CZm8wELgDv5ugPi7ehY74Iq/cKFeNchbICsogUIH/0zcU9QMzflh9/88CDgYopqNLNTzsUo6sV154jiokQwhSWLmOUDrPE0y5RQYlfmCSRYRbeRgE1krU8tXHvYpBNLkwU5EFqMyPxSddRT0Mli37e76K2k9wIOXD76UjlucIJFXonvU8sT25hPXFY5oQSENbzu7ElfrSMs5JqoSBtYiQFy/1PzCnLaeFKmxnX8b9pt1zlLHqGUf0mnYvCrXgx24nvslcBgxG6NVgNde/4lwlxVR9G6h/hFHk43EX3cS8YJ3cPL6VY7gSikZ+rYeWmCZ Generated-by-Nova",
            "region": "RegionOne",
            "user_id": "",
            "value_specs": null
          },
          "sensitive_attributes": [],
          "private": "bnVsbA=="
        }
      ]
    },
    {
      "mode": "managed",
      "type": "openstack_networking_network_v2",
      "name": "tf_vbridge",
      "provider": "provider[\"registry.terraform.io/terraform-provider-openstack/openstack\"]",
      "instances": [
        {
          "schema_version": 0,
          "attributes": {
            "admin_state_up": true,
            "all_tags": [],
            "availability_zone_hints": [],
            "description": "",
            "dns_domain": "",
            "external": false,
            "id": "9914ae96-7416-4061-b012-611acaac7148",
            "mtu": 1450,
            "name": "tf_test_network",
            "port_security_enabled": true,
            "qos_policy_id": "",
            "region": "RegionOne",
            "segments": [],
            "shared": false,
            "tags": [],
            "tenant_id": "86c3984a8c7a48bc8caa5aa4a8ec3da1",
            "timeouts": null,
            "transparent_vlan": false,
            "value_specs": null
          },
          "sensitive_attributes": [],
          "private": "eyJlMmJmYjczMC1lY2FhLTExZTYtOGY4OC0zNDM2M2JjN2M0YzAiOnsiY3JlYXRlIjo2MDAwMDAwMDAwMDAsImRlbGV0ZSI6NjAwMDAwMDAwMDAwfX0="
        }
      ]
    },
    {
      "mode": "managed",
      "type": "openstack_networking_secgroup_rule_v2",
      "name": "secgroup_rule_1",
      "provider": "provider[\"registry.terraform.io/terraform-provider-openstack/openstack\"]",
      "instances": [
        {
          "schema_version": 0,
          "attributes": {
            "description": "allow SSH from uniza",
            "direction": "ingress",
            "ethertype": "IPv4",
            "id": "55254d5c-fcf5-4a80-885c-107d7e87917a",
            "port_range_max": 22,
            "port_range_min": 22,
            "protocol": "tcp",
            "region": "RegionOne",
            "remote_group_id": "",
            "remote_ip_prefix": "158.193.0.0/16",
            "security_group_id": "5e01d29f-448f-4909-a9a9-bedd0e12955a",
            "tenant_id": "86c3984a8c7a48bc8caa5aa4a8ec3da1",
            "timeouts": null
          },
          "sensitive_attributes": [],
          "private": "eyJlMmJmYjczMC1lY2FhLTExZTYtOGY4OC0zNDM2M2JjN2M0YzAiOnsiZGVsZXRlIjo2MDAwMDAwMDAwMDB9fQ==",
          "dependencies": [
            "openstack_networking_secgroup_v2.secgroup_terrabuntu"
          ]
        }
      ]
    },
    {
      "mode": "managed",
      "type": "openstack_networking_secgroup_rule_v2",
      "name": "secgroup_rule_2",
      "provider": "provider[\"registry.terraform.io/terraform-provider-openstack/openstack\"]",
      "instances": [
        {
          "schema_version": 0,
          "attributes": {
            "description": "allow ping from uniza",
            "direction": "ingress",
            "ethertype": "IPv4",
            "id": "c05301f5-227c-40b3-a067-0ed29bf8f1b6",
            "port_range_max": 0,
            "port_range_min": 0,
            "protocol": "icmp",
            "region": "RegionOne",
            "remote_group_id": "",
            "remote_ip_prefix": "158.193.0.0/16",
            "security_group_id": "5e01d29f-448f-4909-a9a9-bedd0e12955a",
            "tenant_id": "86c3984a8c7a48bc8caa5aa4a8ec3da1",
            "timeouts": null
          },
          "sensitive_attributes": [],
          "private": "eyJlMmJmYjczMC1lY2FhLTExZTYtOGY4OC0zNDM2M2JjN2M0YzAiOnsiZGVsZXRlIjo2MDAwMDAwMDAwMDB9fQ==",
          "dependencies": [
            "openstack_networking_secgroup_v2.secgroup_terrabuntu"
          ]
        }
      ]
    },
    {
      "mode": "managed",
      "type": "openstack_networking_secgroup_rule_v2",
      "name": "secgroup_rule_3",
      "provider": "provider[\"registry.terraform.io/terraform-provider-openstack/openstack\"]",
      "instances": [
        {
          "schema_version": 0,
          "attributes": {
            "description": "allow ping from uniza",
            "direction": "ingress",
            "ethertype": "IPv4",
            "id": "6139f556-9eed-420d-bf9f-debfe68ce0db",
            "port_range_max": 0,
            "port_range_min": 0,
            "protocol": "icmp",
            "region": "RegionOne",
            "remote_group_id": "",
            "remote_ip_prefix": "192.168.0.0/16",
            "security_group_id": "5e01d29f-448f-4909-a9a9-bedd0e12955a",
            "tenant_id": "86c3984a8c7a48bc8caa5aa4a8ec3da1",
            "timeouts": null
          },
          "sensitive_attributes": [],
          "private": "eyJlMmJmYjczMC1lY2FhLTExZTYtOGY4OC0zNDM2M2JjN2M0YzAiOnsiZGVsZXRlIjo2MDAwMDAwMDAwMDB9fQ==",
          "dependencies": [
            "openstack_networking_secgroup_v2.secgroup_terrabuntu"
          ]
        }
      ]
    },
    {
      "mode": "managed",
      "type": "openstack_networking_secgroup_rule_v2",
      "name": "secgroup_rule_4",
      "provider": "provider[\"registry.terraform.io/terraform-provider-openstack/openstack\"]",
      "instances": [
        {
          "schema_version": 0,
          "attributes": {
            "description": "allow ping from uniza",
            "direction": "ingress",
            "ethertype": "IPv4",
            "id": "7f82dfa8-af29-4250-94a7-e9f3e8e8b980",
            "port_range_max": 0,
            "port_range_min": 0,
            "protocol": "tcp",
            "region": "RegionOne",
            "remote_group_id": "",
            "remote_ip_prefix": "192.168.0.0/16",
            "security_group_id": "5e01d29f-448f-4909-a9a9-bedd0e12955a",
            "tenant_id": "86c3984a8c7a48bc8caa5aa4a8ec3da1",
            "timeouts": null
          },
          "sensitive_attributes": [],
          "private": "eyJlMmJmYjczMC1lY2FhLTExZTYtOGY4OC0zNDM2M2JjN2M0YzAiOnsiZGVsZXRlIjo2MDAwMDAwMDAwMDB9fQ==",
          "dependencies": [
            "openstack_networking_secgroup_v2.secgroup_terrabuntu"
          ]
        }
      ]
    },
    {
      "mode": "managed",
      "type": "openstack_networking_secgroup_v2",
      "name": "secgroup_terrabuntu",
      "provider": "provider[\"registry.terraform.io/terraform-provider-openstack/openstack\"]",
      "instances": [
        {
          "schema_version": 0,
          "attributes": {
            "all_tags": [],
            "delete_default_rules": null,
            "description": "My neutron security group",
            "id": "5e01d29f-448f-4909-a9a9-bedd0e12955a",
            "name": "secgroup_terrabuntu",
            "region": "RegionOne",
            "tags": [],
            "tenant_id": "86c3984a8c7a48bc8caa5aa4a8ec3da1",
            "timeouts": null
          },
          "sensitive_attributes": [],
          "private": "eyJlMmJmYjczMC1lY2FhLTExZTYtOGY4OC0zNDM2M2JjN2M0YzAiOnsiZGVsZXRlIjo2MDAwMDAwMDAwMDB9fQ=="
        }
      ]
    },
    {
      "mode": "managed",
      "type": "openstack_networking_subnet_v2",
      "name": "subnet_1",
      "provider": "provider[\"registry.terraform.io/terraform-provider-openstack/openstack\"]",
      "instances": [
        {
          "schema_version": 0,
          "attributes": {
            "all_tags": [],
            "allocation_pool": [
              {
                "end": "192.168.200.254",
                "start": "192.168.200.2"
              }
            ],
            "allocation_pools": [
              {
                "end": "192.168.200.254",
                "start": "192.168.200.2"
              }
            ],
            "cidr": "192.168.200.0/24",
            "description": "",
            "dns_nameservers": [],
            "enable_dhcp": true,
            "gateway_ip": "192.168.200.1",
            "host_routes": [],
            "id": "e7636d3c-c9d7-429c-9d8c-d73ed76ce813",
            "ip_version": 4,
            "ipv6_address_mode": "",
            "ipv6_ra_mode": "",
            "name": "",
            "network_id": "9914ae96-7416-4061-b012-611acaac7148",
            "no_gateway": false,
            "prefix_length": null,
            "region": "RegionOne",
            "subnetpool_id": "",
            "tags": [],
            "tenant_id": "86c3984a8c7a48bc8caa5aa4a8ec3da1",
            "timeouts": null,
            "value_specs": null
          },
          "sensitive_attributes": [],
          "private": "eyJlMmJmYjczMC1lY2FhLTExZTYtOGY4OC0zNDM2M2JjN2M0YzAiOnsiY3JlYXRlIjo2MDAwMDAwMDAwMDAsImRlbGV0ZSI6NjAwMDAwMDAwMDAwfX0=",
          "dependencies": [
            "openstack_networking_network_v2.tf_vbridge"
          ]
        }
      ]
    }
  ],
  "check_results": []
}
